
Microsoft Visual Studio Solution File, Format Version 12.00
# Visual Studio 14
VisualStudioVersion = 14.0.25420.1
MinimumVisualStudioVersion = 10.0.40219.1
Project("{FAE04EC0-301F-11D3-BF4B-00C04F79EFBC}") = "Vista", "Vista\Vista.csproj", "{C697AA5C-2787-412C-B56D-A685E6FE3ADE}"
EndProject
Project("{FAE04EC0-301F-11D3-BF4B-00C04F79EFBC}") = "Controlador", "Controlador\Controlador.csproj", "{32558F86-0CA0-4CC2-BDBF-9F260E7BBE7A}"
EndProject
Project("{FAE04EC0-301F-11D3-BF4B-00C04F79EFBC}") = "Modelo", "Modelo\Modelo.csproj", "{2CB6E652-859D-4A11-A17E-45438450CEDF}"
EndProject
Global
	GlobalSection(SolutionConfigurationPlatforms) = preSolution
		Debug|Any CPU = Debug|Any CPU
		Release|Any CPU = Release|Any CPU
	EndGlobalSection
	GlobalSection(ProjectConfigurationPlatforms) = postSolution
		{C697AA5C-2787-412C-B56D-A685E6FE3ADE}.Debug|Any CPU.ActiveCfg = Debug|Any CPU
		{C697AA5C-2787-412C-B56D-A685E6FE3ADE}.Debug|Any CPU.Build.0 = Debug|Any CPU
		{C697AA5C-2787-412C-B56D-A685E6FE3ADE}.Release|Any CPU.ActiveCfg = Release|Any CPU
		{C697AA5C-2787-412C-B56D-A685E6FE3ADE}.Release|Any CPU.Build.0 = Release|Any CPU
		{32558F86-0CA0-4CC2-BDBF-9F260E7BBE7A}.Debug|Any CPU.ActiveCfg = Debug|Any CPU
		{32558F86-0CA0-4CC2-BDBF-9F260E7BBE7A}.Debug|Any CPU.Build.0 = Debug|Any CPU
		{32558F86-0CA0-4CC2-BDBF-9F260E7BBE7A}.Release|Any CPU.ActiveCfg = Release|Any CPU
		{32558F86-0CA0-4CC2-BDBF-9F260E7BBE7A}.Release|Any CPU.Build.0 = Release|Any CPU
		{2CB6E652-859D-4A11-A17E-45438450CEDF}.Debug|Any CPU.ActiveCfg = Debug|Any CPU
		{2CB6E652-859D-4A11-A17E-45438450CEDF}.Debug|Any CPU.Build.0 = Debug|Any CPU
		{2CB6E652-859D-4A11-A17E-45438450CEDF}.Release|Any CPU.ActiveCfg = Release|Any CPU
		{2CB6E652-859D-4A11-A17E-45438450CEDF}.Release|Any CPU.Build.0 = Release|Any CPU
	EndGlobalSection
	GlobalSection(SolutionProperties) = preSolution
		HideSolutionNode = FALSE
	EndGlobalSection
EndGlobal
